// !$*UTF8*$!
{
	archiveVersion = 1;
	classes = {
	};
	objectVersion = 56;
	objects = {

/* Begin PBXBuildFile section */
		6A29C7012B6C41EF00319D34 /* DestinationsList.swift in Sources */ = {isa = PBXBuildFile; fileRef = 6A29C7002B6C41EF00319D34 /* DestinationsList.swift */; };
		6A29C7042B6EA1CD00319D34 /* DestinationView.swift in Sources */ = {isa = PBXBuildFile; fileRef = 6A29C7032B6EA1CD00319D34 /* DestinationView.swift */; };
		6ACABD152B63048D00B47765 /* SigIOSFinalApp.swift in Sources */ = {isa = PBXBuildFile; fileRef = 6ACABD142B63048D00B47765 /* SigIOSFinalApp.swift */; };
		6ACABD172B63048D00B47765 /* ContentView.swift in Sources */ = {isa = PBXBuildFile; fileRef = 6ACABD162B63048D00B47765 /* ContentView.swift */; };
		6ACABD192B63048F00B47765 /* Assets.xcassets in Resources */ = {isa = PBXBuildFile; fileRef = 6ACABD182B63048F00B47765 /* Assets.xcassets */; };
		6ACABD1C2B63048F00B47765 /* Preview Assets.xcassets in Resources */ = {isa = PBXBuildFile; fileRef = 6ACABD1B2B63048F00B47765 /* Preview Assets.xcassets */; };
		6ACABD262B63048F00B47765 /* SigIOSFinalTests.swift in Sources */ = {isa = PBXBuildFile; fileRef = 6ACABD252B63048F00B47765 /* SigIOSFinalTests.swift */; };
		6ACABD302B63048F00B47765 /* SigIOSFinalUITests.swift in Sources */ = {isa = PBXBuildFile; fileRef = 6ACABD2F2B63048F00B47765 /* SigIOSFinalUITests.swift */; };
		6ACABD322B63048F00B47765 /* SigIOSFinalUITestsLaunchTests.swift in Sources */ = {isa = PBXBuildFile; fileRef = 6ACABD312B63048F00B47765 /* SigIOSFinalUITestsLaunchTests.swift */; };
		6ACABD452B6305FB00B47765 /* HomeView.swift in Sources */ = {isa = PBXBuildFile; fileRef = 6ACABD442B6305FB00B47765 /* HomeView.swift */; };
		6ACABD472B63062200B47765 /* BucketListView.swift in Sources */ = {isa = PBXBuildFile; fileRef = 6ACABD462B63062200B47765 /* BucketListView.swift */; };
		6ACABD492B63063100B47765 /* DestinationsView.swift in Sources */ = {isa = PBXBuildFile; fileRef = 6ACABD482B63063100B47765 /* DestinationsView.swift */; };
		6ACABD4B2B63063A00B47765 /* CategoriesView.swift in Sources */ = {isa = PBXBuildFile; fileRef = 6ACABD4A2B63063A00B47765 /* CategoriesView.swift */; };
		6ACABD4D2B63068100B47765 /* ProfileView.swift in Sources */ = {isa = PBXBuildFile; fileRef = 6ACABD4C2B63068100B47765 /* ProfileView.swift */; };
		6ACABD4F2B63068700B47765 /* MapView.swift in Sources */ = {isa = PBXBuildFile; fileRef = 6ACABD4E2B63068700B47765 /* MapView.swift */; };
		6ACABD512B6308AD00B47765 /* TabBar.swift in Sources */ = {isa = PBXBuildFile; fileRef = 6ACABD502B6308AD00B47765 /* TabBar.swift */; };
		6ACABD532B630B0D00B47765 /* DestinationModels.swift in Sources */ = {isa = PBXBuildFile; fileRef = 6ACABD522B630B0D00B47765 /* DestinationModels.swift */; };
		6ACABD552B630E2600B47765 /* DestinationCard.swift in Sources */ = {isa = PBXBuildFile; fileRef = 6ACABD542B630E2600B47765 /* DestinationCard.swift */; };
/* End PBXBuildFile section */

/* Begin PBXContainerItemProxy section */
		6ACABD222B63048F00B47765 /* PBXContainerItemProxy */ = {
			isa = PBXContainerItemProxy;
			containerPortal = 6ACABD092B63048D00B47765 /* Project object */;
			proxyType = 1;
			remoteGlobalIDString = 6ACABD102B63048D00B47765;
			remoteInfo = SigIOSFinal;
		};
		6ACABD2C2B63048F00B47765 /* PBXContainerItemProxy */ = {
			isa = PBXContainerItemProxy;
			containerPortal = 6ACABD092B63048D00B47765 /* Project object */;
			proxyType = 1;
			remoteGlobalIDString = 6ACABD102B63048D00B47765;
			remoteInfo = SigIOSFinal;
		};
/* End PBXContainerItemProxy section */

/* Begin PBXFileReference section */
		6A29C7002B6C41EF00319D34 /* DestinationsList.swift */ = {isa = PBXFileReference; lastKnownFileType = sourcecode.swift; path = DestinationsList.swift; sourceTree = "<group>"; };
		6A29C7032B6EA1CD00319D34 /* DestinationView.swift */ = {isa = PBXFileReference; lastKnownFileType = sourcecode.swift; path = DestinationView.swift; sourceTree = "<group>"; };
		6ACABD112B63048D00B47765 /* SigIOSFinal.app */ = {isa = PBXFileReference; explicitFileType = wrapper.application; includeInIndex = 0; path = SigIOSFinal.app; sourceTree = BUILT_PRODUCTS_DIR; };
		6ACABD142B63048D00B47765 /* SigIOSFinalApp.swift */ = {isa = PBXFileReference; lastKnownFileType = sourcecode.swift; path = SigIOSFinalApp.swift; sourceTree = "<group>"; };
		6ACABD162B63048D00B47765 /* ContentView.swift */ = {isa = PBXFileReference; lastKnownFileType = sourcecode.swift; path = ContentView.swift; sourceTree = "<group>"; };
		6ACABD182B63048F00B47765 /* Assets.xcassets */ = {isa = PBXFileReference; lastKnownFileType = folder.assetcatalog; path = Assets.xcassets; sourceTree = "<group>"; };
		6ACABD1B2B63048F00B47765 /* Preview Assets.xcassets */ = {isa = PBXFileReference; lastKnownFileType = folder.assetcatalog; path = "Preview Assets.xcassets"; sourceTree = "<group>"; };
		6ACABD212B63048F00B47765 /* SigIOSFinalTests.xctest */ = {isa = PBXFileReference; explicitFileType = wrapper.cfbundle; includeInIndex = 0; path = SigIOSFinalTests.xctest; sourceTree = BUILT_PRODUCTS_DIR; };
		6ACABD252B63048F00B47765 /* SigIOSFinalTests.swift */ = {isa = PBXFileReference; lastKnownFileType = sourcecode.swift; path = SigIOSFinalTests.swift; sourceTree = "<group>"; };
		6ACABD2B2B63048F00B47765 /* SigIOSFinalUITests.xctest */ = {isa = PBXFileReference; explicitFileType = wrapper.cfbundle; includeInIndex = 0; path = SigIOSFinalUITests.xctest; sourceTree = BUILT_PRODUCTS_DIR; };
		6ACABD2F2B63048F00B47765 /* SigIOSFinalUITests.swift */ = {isa = PBXFileReference; lastKnownFileType = sourcecode.swift; path = SigIOSFinalUITests.swift; sourceTree = "<group>"; };
		6ACABD312B63048F00B47765 /* SigIOSFinalUITestsLaunchTests.swift */ = {isa = PBXFileReference; lastKnownFileType = sourcecode.swift; path = SigIOSFinalUITestsLaunchTests.swift; sourceTree = "<group>"; };
		6ACABD442B6305FB00B47765 /* HomeView.swift */ = {isa = PBXFileReference; lastKnownFileType = sourcecode.swift; path = HomeView.swift; sourceTree = "<group>"; };
		6ACABD462B63062200B47765 /* BucketListView.swift */ = {isa = PBXFileReference; lastKnownFileType = sourcecode.swift; path = BucketListView.swift; sourceTree = "<group>"; };
		6ACABD482B63063100B47765 /* DestinationsView.swift */ = {isa = PBXFileReference; lastKnownFileType = sourcecode.swift; path = DestinationsView.swift; sourceTree = "<group>"; };
		6ACABD4A2B63063A00B47765 /* CategoriesView.swift */ = {isa = PBXFileReference; lastKnownFileType = sourcecode.swift; path = CategoriesView.swift; sourceTree = "<group>"; };
		6ACABD4C2B63068100B47765 /* ProfileView.swift */ = {isa = PBXFileReference; lastKnownFileType = sourcecode.swift; path = ProfileView.swift; sourceTree = "<group>"; };
		6ACABD4E2B63068700B47765 /* MapView.swift */ = {isa = PBXFileReference; lastKnownFileType = sourcecode.swift; path = MapView.swift; sourceTree = "<group>"; };
		6ACABD502B6308AD00B47765 /* TabBar.swift */ = {isa = PBXFileReference; lastKnownFileType = sourcecode.swift; path = TabBar.swift; sourceTree = "<group>"; };
		6ACABD522B630B0D00B47765 /* DestinationModels.swift */ = {isa = PBXFileReference; lastKnownFileType = sourcecode.swift; path = DestinationModels.swift; sourceTree = "<group>"; };
		6ACABD542B630E2600B47765 /* DestinationCard.swift */ = {isa = PBXFileReference; lastKnownFileType = sourcecode.swift; path = DestinationCard.swift; sourceTree = "<group>"; };
/* End PBXFileReference section */

/* Begin PBXFrameworksBuildPhase section */
		6ACABD0E2B63048D00B47765 /* Frameworks */ = {
			isa = PBXFrameworksBuildPhase;
			buildActionMask = 2147483647;
			files = (
			);
			runOnlyForDeploymentPostprocessing = 0;
		};
		6ACABD1E2B63048F00B47765 /* Frameworks */ = {
			isa = PBXFrameworksBuildPhase;
			buildActionMask = 2147483647;
			files = (
			);
			runOnlyForDeploymentPostprocessing = 0;
		};
		6ACABD282B63048F00B47765 /* Frameworks */ = {
			isa = PBXFrameworksBuildPhase;
			buildActionMask = 2147483647;
			files = (
			);
			runOnlyForDeploymentPostprocessing = 0;
		};
/* End PBXFrameworksBuildPhase section */

/* Begin PBXGroup section */
		6A29C7022B6EA1AE00319D34 /* Details */ = {
			isa = PBXGroup;
			children = (
				6A29C7032B6EA1CD00319D34 /* DestinationView.swift */,
			);
			path = Details;
			sourceTree = "<group>";
		};
		6ACABD082B63048D00B47765 = {
			isa = PBXGroup;
			children = (
				6ACABD132B63048D00B47765 /* SigIOSFinal */,
				6ACABD242B63048F00B47765 /* SigIOSFinalTests */,
				6ACABD2E2B63048F00B47765 /* SigIOSFinalUITests */,
				6ACABD122B63048D00B47765 /* Products */,
			);
			sourceTree = "<group>";
		};
		6ACABD122B63048D00B47765 /* Products */ = {
			isa = PBXGroup;
			children = (
				6ACABD112B63048D00B47765 /* SigIOSFinal.app */,
				6ACABD212B63048F00B47765 /* SigIOSFinalTests.xctest */,
				6ACABD2B2B63048F00B47765 /* SigIOSFinalUITests.xctest */,
			);
			name = Products;
			sourceTree = "<group>";
		};
		6ACABD132B63048D00B47765 /* SigIOSFinal */ = {
			isa = PBXGroup;
			children = (
				6ACABD3F2B63057900B47765 /* Views */,
				6A29C7022B6EA1AE00319D34 /* Details */,
				6ACABD432B6305CD00B47765 /* Models */,
				6ACABD422B6305C700B47765 /* Components */,
				6ACABD402B63059100B47765 /* ViewModels */,
				6ACABD142B63048D00B47765 /* SigIOSFinalApp.swift */,
				6ACABD182B63048F00B47765 /* Assets.xcassets */,
				6ACABD1A2B63048F00B47765 /* Preview Content */,
			);
			path = SigIOSFinal;
			sourceTree = "<group>";
		};
		6ACABD1A2B63048F00B47765 /* Preview Content */ = {
			isa = PBXGroup;
			children = (
				6ACABD1B2B63048F00B47765 /* Preview Assets.xcassets */,
			);
			path = "Preview Content";
			sourceTree = "<group>";
		};
		6ACABD242B63048F00B47765 /* SigIOSFinalTests */ = {
			isa = PBXGroup;
			children = (
				6ACABD252B63048F00B47765 /* SigIOSFinalTests.swift */,
			);
			path = SigIOSFinalTests;
			sourceTree = "<group>";
		};
		6ACABD2E2B63048F00B47765 /* SigIOSFinalUITests */ = {
			isa = PBXGroup;
			children = (
				6ACABD2F2B63048F00B47765 /* SigIOSFinalUITests.swift */,
				6ACABD312B63048F00B47765 /* SigIOSFinalUITestsLaunchTests.swift */,
			);
			path = SigIOSFinalUITests;
			sourceTree = "<group>";
		};
		6ACABD3F2B63057900B47765 /* Views */ = {
			isa = PBXGroup;
			children = (
				6ACABD162B63048D00B47765 /* ContentView.swift */,
				6ACABD442B6305FB00B47765 /* HomeView.swift */,
				6ACABD502B6308AD00B47765 /* TabBar.swift */,
				6ACABD482B63063100B47765 /* DestinationsView.swift */,
				6ACABD4A2B63063A00B47765 /* CategoriesView.swift */,
				6ACABD462B63062200B47765 /* BucketListView.swift */,
				6ACABD4C2B63068100B47765 /* ProfileView.swift */,
				6ACABD4E2B63068700B47765 /* MapView.swift */,
			);
			path = Views;
			sourceTree = "<group>";
		};
		6ACABD402B63059100B47765 /* ViewModels */ = {
			isa = PBXGroup;
			children = (
			);
			path = ViewModels;
			sourceTree = "<group>";
		};
		6ACABD422B6305C700B47765 /* Components */ = {
			isa = PBXGroup;
			children = (
				6ACABD542B630E2600B47765 /* DestinationCard.swift */,
				6A29C7002B6C41EF00319D34 /* DestinationsList.swift */,
			);
			path = Components;
			sourceTree = "<group>";
		};
		6ACABD432B6305CD00B47765 /* Models */ = {
			isa = PBXGroup;
			children = (
				6ACABD522B630B0D00B47765 /* DestinationModels.swift */,
			);
			path = Models;
			sourceTree = "<group>";
		};
/* End PBXGroup section */

/* Begin PBXNativeTarget section */
		6ACABD102B63048D00B47765 /* SigIOSFinal */ = {
			isa = PBXNativeTarget;
			buildConfigurationList = 6ACABD352B63048F00B47765 /* Build configuration list for PBXNativeTarget "SigIOSFinal" */;
			buildPhases = (
				6ACABD0D2B63048D00B47765 /* Sources */,
				6ACABD0E2B63048D00B47765 /* Frameworks */,
				6ACABD0F2B63048D00B47765 /* Resources */,
			);
			buildRules = (
			);
			dependencies = (
			);
			name = SigIOSFinal;
			productName = SigIOSFinal;
			productReference = 6ACABD112B63048D00B47765 /* SigIOSFinal.app */;
			productType = "com.apple.product-type.application";
		};
		6ACABD202B63048F00B47765 /* SigIOSFinalTests */ = {
			isa = PBXNativeTarget;
			buildConfigurationList = 6ACABD382B63048F00B47765 /* Build configuration list for PBXNativeTarget "SigIOSFinalTests" */;
			buildPhases = (
				6ACABD1D2B63048F00B47765 /* Sources */,
				6ACABD1E2B63048F00B47765 /* Frameworks */,
				6ACABD1F2B63048F00B47765 /* Resources */,
			);
			buildRules = (
			);
			dependencies = (
				6ACABD232B63048F00B47765 /* PBXTargetDependency */,
			);
			name = SigIOSFinalTests;
			productName = SigIOSFinalTests;
			productReference = 6ACABD212B63048F00B47765 /* SigIOSFinalTests.xctest */;
			productType = "com.apple.product-type.bundle.unit-test";
		};
		6ACABD2A2B63048F00B47765 /* SigIOSFinalUITests */ = {
			isa = PBXNativeTarget;
			buildConfigurationList = 6ACABD3B2B63048F00B47765 /* Build configuration list for PBXNativeTarget "SigIOSFinalUITests" */;
			buildPhases = (
				6ACABD272B63048F00B47765 /* Sources */,
				6ACABD282B63048F00B47765 /* Frameworks */,
				6ACABD292B63048F00B47765 /* Resources */,
			);
			buildRules = (
			);
			dependencies = (
				6ACABD2D2B63048F00B47765 /* PBXTargetDependency */,
			);
			name = SigIOSFinalUITests;
			productName = SigIOSFinalUITests;
			productReference = 6ACABD2B2B63048F00B47765 /* SigIOSFinalUITests.xctest */;
			productType = "com.apple.product-type.bundle.ui-testing";
		};
/* End PBXNativeTarget section */

/* Begin PBXProject section */
		6ACABD092B63048D00B47765 /* Project object */ = {
			isa = PBXProject;
			attributes = {
				BuildIndependentTargetsInParallel = 1;
				LastSwiftUpdateCheck = 1520;
				LastUpgradeCheck = 1520;
				TargetAttributes = {
					6ACABD102B63048D00B47765 = {
						CreatedOnToolsVersion = 15.2;
					};
					6ACABD202B63048F00B47765 = {
						CreatedOnToolsVersion = 15.2;
						TestTargetID = 6ACABD102B63048D00B47765;
					};
					6ACABD2A2B63048F00B47765 = {
						CreatedOnToolsVersion = 15.2;
						TestTargetID = 6ACABD102B63048D00B47765;
					};
				};
			};
			buildConfigurationList = 6ACABD0C2B63048D00B47765 /* Build configuration list for PBXProject "SigIOSFinal" */;
			compatibilityVersion = "Xcode 14.0";
			developmentRegion = en;
			hasScannedForEncodings = 0;
			knownRegions = (
				en,
				Base,
			);
			mainGroup = 6ACABD082B63048D00B47765;
			productRefGroup = 6ACABD122B63048D00B47765 /* Products */;
			projectDirPath = "";
			projectRoot = "";
			targets = (
				6ACABD102B63048D00B47765 /* SigIOSFinal */,
				6ACABD202B63048F00B47765 /* SigIOSFinalTests */,
				6ACABD2A2B63048F00B47765 /* SigIOSFinalUITests */,
			);
		};
/* End PBXProject section */

/* Begin PBXResourcesBuildPhase section */
		6ACABD0F2B63048D00B47765 /* Resources */ = {
			isa = PBXResourcesBuildPhase;
			buildActionMask = 2147483647;
			files = (
				6ACABD1C2B63048F00B47765 /* Preview Assets.xcassets in Resources */,
				6ACABD192B63048F00B47765 /* Assets.xcassets in Resources */,
			);
			runOnlyForDeploymentPostprocessing = 0;
		};
		6ACABD1F2B63048F00B47765 /* Resources */ = {
			isa = PBXResourcesBuildPhase;
			buildActionMask = 2147483647;
			files = (
			);
			runOnlyForDeploymentPostprocessing = 0;
		};
		6ACABD292B63048F00B47765 /* Resources */ = {
			isa = PBXResourcesBuildPhase;
			buildActionMask = 2147483647;
			files = (
			);
			runOnlyForDeploymentPostprocessing = 0;
		};
/* End PBXResourcesBuildPhase section */

/* Begin PBXSourcesBuildPhase section */
		6ACABD0D2B63048D00B47765 /* Sources */ = {
			isa = PBXSourcesBuildPhase;
			buildActionMask = 2147483647;
			files = (
				6ACABD512B6308AD00B47765 /* TabBar.swift in Sources */,
				6ACABD552B630E2600B47765 /* DestinationCard.swift in Sources */,
				6ACABD472B63062200B47765 /* BucketListView.swift in Sources */,
				6ACABD4F2B63068700B47765 /* MapView.swift in Sources */,
				6ACABD452B6305FB00B47765 /* HomeView.swift in Sources */,
				6ACABD532B630B0D00B47765 /* DestinationModels.swift in Sources */,
				6ACABD4B2B63063A00B47765 /* CategoriesView.swift in Sources */,
				6A29C7042B6EA1CD00319D34 /* DestinationView.swift in Sources */,
				6ACABD172B63048D00B47765 /* ContentView.swift in Sources */,
				6ACABD152B63048D00B47765 /* SigIOSFinalApp.swift in Sources */,
				6ACABD4D2B63068100B47765 /* ProfileView.swift in Sources */,
				6A29C7012B6C41EF00319D34 /* DestinationsList.swift in Sources */,
				6ACABD492B63063100B47765 /* DestinationsView.swift in Sources */,
			);
			runOnlyForDeploymentPostprocessing = 0;
		};
		6ACABD1D2B63048F00B47765 /* Sources */ = {
			isa = PBXSourcesBuildPhase;
			buildActionMask = 2147483647;
			files = (
				6ACABD262B63048F00B47765 /* SigIOSFinalTests.swift in Sources */,
			);
			runOnlyForDeploymentPostprocessing = 0;
		};
		6ACABD272B63048F00B47765 /* Sources */ = {
			isa = PBXSourcesBuildPhase;
			buildActionMask = 2147483647;
			files = (
				6ACABD302B63048F00B47765 /* SigIOSFinalUITests.swift in Sources */,
				6ACABD322B63048F00B47765 /* SigIOSFinalUITestsLaunchTests.swift in Sources */,
			);
			runOnlyForDeploymentPostprocessing = 0;
		};
/* End PBXSourcesBuildPhase section */

/* Begin PBXTargetDependency section */
		6ACABD232B63048F00B47765 /* PBXTargetDependency */ = {
			isa = PBXTargetDependency;
			target = 6ACABD102B63048D00B47765 /* SigIOSFinal */;
			targetProxy = 6ACABD222B63048F00B47765 /* PBXContainerItemProxy */;
		};
		6ACABD2D2B63048F00B47765 /* PBXTargetDependency */ = {
			isa = PBXTargetDependency;
			target = 6ACABD102B63048D00B47765 /* SigIOSFinal */;
			targetProxy = 6ACABD2C2B63048F00B47765 /* PBXContainerItemProxy */;
		};
/* End PBXTargetDependency section */

/* Begin XCBuildConfiguration section */
		6ACABD332B63048F00B47765 /* Debug */ = {
			isa = XCBuildConfiguration;
			buildSettings = {
				ALWAYS_SEARCH_USER_PATHS = NO;
				ASSETCATALOG_COMPILER_GENERATE_SWIFT_ASSET_SYMBOL_EXTENSIONS = YES;
				CLANG_ANALYZER_NONNULL = YES;
				CLANG_ANALYZER_NUMBER_OBJECT_CONVERSION = YES_AGGRESSIVE;
				CLANG_CXX_LANGUAGE_STANDARD = "gnu++20";
				CLANG_ENABLE_MODULES = YES;
				CLANG_ENABLE_OBJC_ARC = YES;
				CLANG_ENABLE_OBJC_WEAK = YES;
				CLANG_WARN_BLOCK_CAPTURE_AUTORELEASING = YES;
				CLANG_WARN_BOOL_CONVERSION = YES;
				CLANG_WARN_COMMA = YES;
				CLANG_WARN_CONSTANT_CONVERSION = YES;
				CLANG_WARN_DEPRECATED_OBJC_IMPLEMENTATIONS = YES;
				CLANG_WARN_DIRECT_OBJC_ISA_USAGE = YES_ERROR;
				CLANG_WARN_DOCUMENTATION_COMMENTS = YES;
				CLANG_WARN_EMPTY_BODY = YES;
				CLANG_WARN_ENUM_CONVERSION = YES;
				CLANG_WARN_INFINITE_RECURSION = YES;
				CLANG_WARN_INT_CONVERSION = YES;
				CLANG_WARN_NON_LITERAL_NULL_CONVERSION = YES;
				CLANG_WARN_OBJC_IMPLICIT_RETAIN_SELF = YES;
				CLANG_WARN_OBJC_LITERAL_CONVERSION = YES;
				CLANG_WARN_OBJC_ROOT_CLASS = YES_ERROR;
				CLANG_WARN_QUOTED_INCLUDE_IN_FRAMEWORK_HEADER = YES;
				CLANG_WARN_RANGE_LOOP_ANALYSIS = YES;
				CLANG_WARN_STRICT_PROTOTYPES = YES;
				CLANG_WARN_SUSPICIOUS_MOVE = YES;
				CLANG_WARN_UNGUARDED_AVAILABILITY = YES_AGGRESSIVE;
				CLANG_WARN_UNREACHABLE_CODE = YES;
				CLANG_WARN__DUPLICATE_METHOD_MATCH = YES;
				COPY_PHASE_STRIP = NO;
				DEBUG_INFORMATION_FORMAT = dwarf;
				ENABLE_STRICT_OBJC_MSGSEND = YES;
				ENABLE_TESTABILITY = YES;
				ENABLE_USER_SCRIPT_SANDBOXING = YES;
				GCC_C_LANGUAGE_STANDARD = gnu17;
				GCC_DYNAMIC_NO_PIC = NO;
				GCC_NO_COMMON_BLOCKS = YES;
				GCC_OPTIMIZATION_LEVEL = 0;
				GCC_PREPROCESSOR_DEFINITIONS = (
					"DEBUG=1",
					"$(inherited)",
				);
				GCC_WARN_64_TO_32_BIT_CONVERSION = YES;
				GCC_WARN_ABOUT_RETURN_TYPE = YES_ERROR;
				GCC_WARN_UNDECLARED_SELECTOR = YES;
				GCC_WARN_UNINITIALIZED_AUTOS = YES_AGGRESSIVE;
				GCC_WARN_UNUSED_FUNCTION = YES;
				GCC_WARN_UNUSED_VARIABLE = YES;
				IPHONEOS_DEPLOYMENT_TARGET = 17.2;
				LOCALIZATION_PREFERS_STRING_CATALOGS = YES;
				MTL_ENABLE_DEBUG_INFO = INCLUDE_SOURCE;
				MTL_FAST_MATH = YES;
				ONLY_ACTIVE_ARCH = YES;
				SDKROOT = iphoneos;
				SWIFT_ACTIVE_COMPILATION_CONDITIONS = "DEBUG $(inherited)";
				SWIFT_OPTIMIZATION_LEVEL = "-Onone";
			};
			name = Debug;
		};
		6ACABD342B63048F00B47765 /* Release */ = {
			isa = XCBuildConfiguration;
			buildSettings = {
				ALWAYS_SEARCH_USER_PATHS = NO;
				ASSETCATALOG_COMPILER_GENERATE_SWIFT_ASSET_SYMBOL_EXTENSIONS = YES;
				CLANG_ANALYZER_NONNULL = YES;
				CLANG_ANALYZER_NUMBER_OBJECT_CONVERSION = YES_AGGRESSIVE;
				CLANG_CXX_LANGUAGE_STANDARD = "gnu++20";
				CLANG_ENABLE_MODULES = YES;
				CLANG_ENABLE_OBJC_ARC = YES;
				CLANG_ENABLE_OBJC_WEAK = YES;
				CLANG_WARN_BLOCK_CAPTURE_AUTORELEASING = YES;
				CLANG_WARN_BOOL_CONVERSION = YES;
				CLANG_WARN_COMMA = YES;
				CLANG_WARN_CONSTANT_CONVERSION = YES;
				CLANG_WARN_DEPRECATED_OBJC_IMPLEMENTATIONS = YES;
				CLANG_WARN_DIRECT_OBJC_ISA_USAGE = YES_ERROR;
				CLANG_WARN_DOCUMENTATION_COMMENTS = YES;
				CLANG_WARN_EMPTY_BODY = YES;
				CLANG_WARN_ENUM_CONVERSION = YES;
				CLANG_WARN_INFINITE_RECURSION = YES;
				CLANG_WARN_INT_CONVERSION = YES;
				CLANG_WARN_NON_LITERAL_NULL_CONVERSION = YES;
				CLANG_WARN_OBJC_IMPLICIT_RETAIN_SELF = YES;
				CLANG_WARN_OBJC_LITERAL_CONVERSION = YES;
				CLANG_WARN_OBJC_ROOT_CLASS = YES_ERROR;
				CLANG_WARN_QUOTED_INCLUDE_IN_FRAMEWORK_HEADER = YES;
				CLANG_WARN_RANGE_LOOP_ANALYSIS = YES;
				CLANG_WARN_STRICT_PROTOTYPES = YES;
				CLANG_WARN_SUSPICIOUS_MOVE = YES;
				CLANG_WARN_UNGUARDED_AVAILABILITY = YES_AGGRESSIVE;
				CLANG_WARN_UNREACHABLE_CODE = YES;
				CLANG_WARN__DUPLICATE_METHOD_MATCH = YES;
				COPY_PHASE_STRIP = NO;
				DEBUG_INFORMATION_FORMAT = "dwarf-with-dsym";
				ENABLE_NS_ASSERTIONS = NO;
				ENABLE_STRICT_OBJC_MSGSEND = YES;
				ENABLE_USER_SCRIPT_SANDBOXING = YES;
				GCC_C_LANGUAGE_STANDARD = gnu17;
				GCC_NO_COMMON_BLOCKS = YES;
				GCC_WARN_64_TO_32_BIT_CONVERSION = YES;
				GCC_WARN_ABOUT_RETURN_TYPE = YES_ERROR;
				GCC_WARN_UNDECLARED_SELECTOR = YES;
				GCC_WARN_UNINITIALIZED_AUTOS = YES_AGGRESSIVE;
				GCC_WARN_UNUSED_FUNCTION = YES;
				GCC_WARN_UNUSED_VARIABLE = YES;
				IPHONEOS_DEPLOYMENT_TARGET = 17.2;
				LOCALIZATION_PREFERS_STRING_CATALOGS = YES;
				MTL_ENABLE_DEBUG_INFO = NO;
				MTL_FAST_MATH = YES;
				SDKROOT = iphoneos;
				SWIFT_COMPILATION_MODE = wholemodule;
				VALIDATE_PRODUCT = YES;
			};
			name = Release;
		};
		6ACABD362B63048F00B47765 /* Debug */ = {
			isa = XCBuildConfiguration;
			buildSettings = {
				ASSETCATALOG_COMPILER_APPICON_NAME = AppIcon;
				ASSETCATALOG_COMPILER_GLOBAL_ACCENT_COLOR_NAME = AccentColor;
				CODE_SIGN_STYLE = Automatic;
				CURRENT_PROJECT_VERSION = 1;
				DEVELOPMENT_ASSET_PATHS = "\"SigIOSFinal/Preview Content\"";
				ENABLE_PREVIEWS = YES;
				GENERATE_INFOPLIST_FILE = YES;
				INFOPLIST_KEY_UIApplicationSceneManifest_Generation = YES;
				INFOPLIST_KEY_UIApplicationSupportsIndirectInputEvents = YES;
				INFOPLIST_KEY_UILaunchScreen_Generation = YES;
				INFOPLIST_KEY_UISupportedInterfaceOrientations_iPad = "UIInterfaceOrientationPortrait UIInterfaceOrientationPortraitUpsideDown UIInterfaceOrientationLandscapeLeft UIInterfaceOrientationLandscapeRight";
				INFOPLIST_KEY_UISupportedInterfaceOrientations_iPhone = "UIInterfaceOrientationPortrait UIInterfaceOrientationLandscapeLeft UIInterfaceOrientationLandscapeRight";
				LD_RUNPATH_SEARCH_PATHS = (
					"$(inherited)",
					"@executable_path/Frameworks",
				);
				MARKETING_VERSION = 1.0;
				PRODUCT_BUNDLE_IDENTIFIER = com.codewithflori.SigIOSFinal;
				PRODUCT_NAME = "$(TARGET_NAME)";
				SWIFT_EMIT_LOC_STRINGS = YES;
				SWIFT_VERSION = 5.0;
				TARGETED_DEVICE_FAMILY = "1,2";
			};
			name = Debug;
		};
		6ACABD372B63048F00B47765 /* Release */ = {
			isa = XCBuildConfiguration;
			buildSettings = {
				ASSETCATALOG_COMPILER_APPICON_NAME = AppIcon;
				ASSETCATALOG_COMPILER_GLOBAL_ACCENT_COLOR_NAME = AccentColor;
				CODE_SIGN_STYLE = Automatic;
				CURRENT_PROJECT_VERSION = 1;
				DEVELOPMENT_ASSET_PATHS = "\"SigIOSFinal/Preview Content\"";
				ENABLE_PREVIEWS = YES;
				GENERATE_INFOPLIST_FILE = YES;
				INFOPLIST_KEY_UIApplicationSceneManifest_Generation = YES;
				INFOPLIST_KEY_UIApplicationSupportsIndirectInputEvents = YES;
				INFOPLIST_KEY_UILaunchScreen_Generation = YES;
				INFOPLIST_KEY_UISupportedInterfaceOrientations_iPad = "UIInterfaceOrientationPortrait UIInterfaceOrientationPortraitUpsideDown UIInterfaceOrientationLandscapeLeft UIInterfaceOrientationLandscapeRight";
				INFOPLIST_KEY_UISupportedInterfaceOrientations_iPhone = "UIInterfaceOrientationPortrait UIInterfaceOrientationLandscapeLeft UIInterfaceOrientationLandscapeRight";
				LD_RUNPATH_SEARCH_PATHS = (
					"$(inherited)",
					"@executable_path/Frameworks",
				);
				MARKETING_VERSION = 1.0;
				PRODUCT_BUNDLE_IDENTIFIER = com.codewithflori.SigIOSFinal;
				PRODUCT_NAME = "$(TARGET_NAME)";
				SWIFT_EMIT_LOC_STRINGS = YES;
				SWIFT_VERSION = 5.0;
				TARGETED_DEVICE_FAMILY = "1,2";
			};
			name = Release;
		};
		6ACABD392B63048F00B47765 /* Debug */ = {
			isa = XCBuildConfiguration;
			buildSettings = {
				ALWAYS_EMBED_SWIFT_STANDARD_LIBRARIES = YES;
				BUNDLE_LOADER = "$(TEST_HOST)";
				CODE_SIGN_STYLE = Automatic;
				CURRENT_PROJECT_VERSION = 1;
				GENERATE_INFOPLIST_FILE = YES;
				IPHONEOS_DEPLOYMENT_TARGET = 17.2;
				MARKETING_VERSION = 1.0;
				PRODUCT_BUNDLE_IDENTIFIER = com.codewithflori.SigIOSFinalTests;
				PRODUCT_NAME = "$(TARGET_NAME)";
				SWIFT_EMIT_LOC_STRINGS = NO;
				SWIFT_VERSION = 5.0;
				TARGETED_DEVICE_FAMILY = "1,2";
				TEST_HOST = "$(BUILT_PRODUCTS_DIR)/SigIOSFinal.app/$(BUNDLE_EXECUTABLE_FOLDER_PATH)/SigIOSFinal";
			};
			name = Debug;
		};
		6ACABD3A2B63048F00B47765 /* Release */ = {
			isa = XCBuildConfiguration;
			buildSettings = {
				ALWAYS_EMBED_SWIFT_STANDARD_LIBRARIES = YES;
				BUNDLE_LOADER = "$(TEST_HOST)";
				CODE_SIGN_STYLE = Automatic;
				CURRENT_PROJECT_VERSION = 1;
				GENERATE_INFOPLIST_FILE = YES;
				IPHONEOS_DEPLOYMENT_TARGET = 17.2;
				MARKETING_VERSION = 1.0;
				PRODUCT_BUNDLE_IDENTIFIER = com.codewithflori.SigIOSFinalTests;
				PRODUCT_NAME = "$(TARGET_NAME)";
				SWIFT_EMIT_LOC_STRINGS = NO;
				SWIFT_VERSION = 5.0;
				TARGETED_DEVICE_FAMILY = "1,2";
				TEST_HOST = "$(BUILT_PRODUCTS_DIR)/SigIOSFinal.app/$(BUNDLE_EXECUTABLE_FOLDER_PATH)/SigIOSFinal";
			};
			name = Release;
		};
		6ACABD3C2B63048F00B47765 /* Debug */ = {
			isa = XCBuildConfiguration;
			buildSettings = {
				ALWAYS_EMBED_SWIFT_STANDARD_LIBRARIES = YES;
				CODE_SIGN_STYLE = Automatic;
				CURRENT_PROJECT_VERSION = 1;
				GENERATE_INFOPLIST_FILE = YES;
				MARKETING_VERSION = 1.0;
				PRODUCT_BUNDLE_IDENTIFIER = com.codewithflori.SigIOSFinalUITests;
				PRODUCT_NAME = "$(TARGET_NAME)";
				SWIFT_EMIT_LOC_STRINGS = NO;
				SWIFT_VERSION = 5.0;
				TARGETED_DEVICE_FAMILY = "1,2";
				TEST_TARGET_NAME = SigIOSFinal;
			};
			name = Debug;
		};
		6ACABD3D2B63048F00B47765 /* Release */ = {
			isa = XCBuildConfiguration;
			buildSettings = {
				ALWAYS_EMBED_SWIFT_STANDARD_LIBRARIES = YES;
				CODE_SIGN_STYLE = Automatic;
				CURRENT_PROJECT_VERSION = 1;
				GENERATE_INFOPLIST_FILE = YES;
				MARKETING_VERSION = 1.0;
				PRODUCT_BUNDLE_IDENTIFIER = com.codewithflori.SigIOSFinalUITests;
				PRODUCT_NAME = "$(TARGET_NAME)";
				SWIFT_EMIT_LOC_STRINGS = NO;
				SWIFT_VERSION = 5.0;
				TARGETED_DEVICE_FAMILY = "1,2";
				TEST_TARGET_NAME = SigIOSFinal;
			};
			name = Release;
		};
/* End XCBuildConfiguration section */

/* Begin XCConfigurationList section */
		6ACABD0C2B63048D00B47765 /* Build configuration list for PBXProject "SigIOSFinal" */ = {
			isa = XCConfigurationList;
			buildConfigurations = (
				6ACABD332B63048F00B47765 /* Debug */,
				6ACABD342B63048F00B47765 /* Release */,
			);
			defaultConfigurationIsVisible = 0;
			defaultConfigurationName = Release;
		};
		6ACABD352B63048F00B47765 /* Build configuration list for PBXNativeTarget "SigIOSFinal" */ = {
			isa = XCConfigurationList;
			buildConfigurations = (
				6ACABD362B63048F00B47765 /* Debug */,
				6ACABD372B63048F00B47765 /* Release */,
			);
			defaultConfigurationIsVisible = 0;
			defaultConfigurationName = Release;
		};
		6ACABD382B63048F00B47765 /* Build configuration list for PBXNativeTarget "SigIOSFinalTests" */ = {
			isa = XCConfigurationList;
			buildConfigurations = (
				6ACABD392B63048F00B47765 /* Debug */,
				6ACABD3A2B63048F00B47765 /* Release */,
			);
			defaultConfigurationIsVisible = 0;
			defaultConfigurationName = Release;
		};
		6ACABD3B2B63048F00B47765 /* Build configuration list for PBXNativeTarget "SigIOSFinalUITests" */ = {
			isa = XCConfigurationList;
			buildConfigurations = (
				6ACABD3C2B63048F00B47765 /* Debug */,
				6ACABD3D2B63048F00B47765 /* Release */,
			);
			defaultConfigurationIsVisible = 0;
			defaultConfigurationName = Release;
		};
/* End XCConfigurationList section */
	};
	rootObject = 6ACABD092B63048D00B47765 /* Project object */;
}
